
Microsoft Visual Studio Solution File, Format Version 12.00
# Visual Studio 15
VisualStudioVersion = 15.0.28307.329
MinimumVisualStudioVersion = 10.0.40219.1
Project("{D954291E-2A0B-460D-934E-DC6B0785DB48}") = "App10.Shared", "App10\App10.Shared\App10.Shared.shproj", "{6279C845-92F8-4333-AB99-3D213163593C}"
EndProject
Project("{FAE04EC0-301F-11D3-BF4B-00C04F79EFBC}") = "App10.Droid", "App10\App10.Droid\App10.Droid.csproj", "{EDCAE7AF-8692-415F-B764-0372CD3C526A}"
EndProject
Project("{FAE04EC0-301F-11D3-BF4B-00C04F79EFBC}") = "App10.iOS", "App10\App10.iOS\App10.iOS.csproj", "{5B30E7F6-990A-49FB-8735-FA0D82841986}"
EndProject
Project("{FAE04EC0-301F-11D3-BF4B-00C04F79EFBC}") = "App10.UWP", "App10\App10.UWP\App10.UWP.csproj", "{2E92D1AD-E5A7-43C0-ADEC-35725A121B53}"
EndProject
Project("{9A19103F-16F7-4668-BE54-9A1E7A4F7556}") = "App10.Wasm", "App10\App10.Wasm\App10.Wasm.csproj", "{57BEB4FA-B432-4E74-9DB2-6EA0726433A0}"
EndProject
Global
	GlobalSection(SharedMSBuildProjectFiles) = preSolution
		App10\App10.Shared\App10.Shared.projitems*{2e92d1ad-e5a7-43c0-adec-35725a121b53}*SharedItemsImports = 4
		App10\App10.Shared\App10.Shared.projitems*{5b30e7f6-990a-49fb-8735-fa0d82841986}*SharedItemsImports = 4
		App10\App10.Shared\App10.Shared.projitems*{6279c845-92f8-4333-ab99-3d213163593c}*SharedItemsImports = 13
		App10\App10.Shared\App10.Shared.projitems*{edcae7af-8692-415f-b764-0372cd3c526a}*SharedItemsImports = 4
	EndGlobalSection
	GlobalSection(SolutionConfigurationPlatforms) = preSolution
		Ad-Hoc|Any CPU = Ad-Hoc|Any CPU
		Ad-Hoc|ARM = Ad-Hoc|ARM
		Ad-Hoc|iPhone = Ad-Hoc|iPhone
		Ad-Hoc|iPhoneSimulator = Ad-Hoc|iPhoneSimulator
		Ad-Hoc|x64 = Ad-Hoc|x64
		Ad-Hoc|x86 = Ad-Hoc|x86
		AppStore|Any CPU = AppStore|Any CPU
		AppStore|ARM = AppStore|ARM
		AppStore|iPhone = AppStore|iPhone
		AppStore|iPhoneSimulator = AppStore|iPhoneSimulator
		AppStore|x64 = AppStore|x64
		AppStore|x86 = AppStore|x86
		Debug|Any CPU = Debug|Any CPU
		Debug|ARM = Debug|ARM
		Debug|iPhone = Debug|iPhone
		Debug|iPhoneSimulator = Debug|iPhoneSimulator
		Debug|x64 = Debug|x64
		Debug|x86 = Debug|x86
		Release|Any CPU = Release|Any CPU
		Release|ARM = Release|ARM
		Release|iPhone = Release|iPhone
		Release|iPhoneSimulator = Release|iPhoneSimulator
		Release|x64 = Release|x64
		Release|x86 = Release|x86
	EndGlobalSection
	GlobalSection(ProjectConfigurationPlatforms) = postSolution
		{EDCAE7AF-8692-415F-B764-0372CD3C526A}.Ad-Hoc|Any CPU.ActiveCfg = Release|Any CPU
		{EDCAE7AF-8692-415F-B764-0372CD3C526A}.Ad-Hoc|Any CPU.Build.0 = Release|Any CPU
		{EDCAE7AF-8692-415F-B764-0372CD3C526A}.Ad-Hoc|Any CPU.Deploy.0 = Release|Any CPU
		{EDCAE7AF-8692-415F-B764-0372CD3C526A}.Ad-Hoc|ARM.ActiveCfg = Release|Any CPU
		{EDCAE7AF-8692-415F-B764-0372CD3C526A}.Ad-Hoc|ARM.Build.0 = Release|Any CPU
		{EDCAE7AF-8692-415F-B764-0372CD3C526A}.Ad-Hoc|ARM.Deploy.0 = Release|Any CPU
		{EDCAE7AF-8692-415F-B764-0372CD3C526A}.Ad-Hoc|iPhone.ActiveCfg = Release|Any CPU
		{EDCAE7AF-8692-415F-B764-0372CD3C526A}.Ad-Hoc|iPhone.Build.0 = Release|Any CPU
		{EDCAE7AF-8692-415F-B764-0372CD3C526A}.Ad-Hoc|iPhone.Deploy.0 = Release|Any CPU
		{EDCAE7AF-8692-415F-B764-0372CD3C526A}.Ad-Hoc|iPhoneSimulator.ActiveCfg = Release|Any CPU
		{EDCAE7AF-8692-415F-B764-0372CD3C526A}.Ad-Hoc|iPhoneSimulator.Build.0 = Release|Any CPU
		{EDCAE7AF-8692-415F-B764-0372CD3C526A}.Ad-Hoc|iPhoneSimulator.Deploy.0 = Release|Any CPU
		{EDCAE7AF-8692-415F-B764-0372CD3C526A}.Ad-Hoc|x64.ActiveCfg = Release|Any CPU
		{EDCAE7AF-8692-415F-B764-0372CD3C526A}.Ad-Hoc|x64.Build.0 = Release|Any CPU
		{EDCAE7AF-8692-415F-B764-0372CD3C526A}.Ad-Hoc|x64.Deploy.0 = Release|Any CPU
		{EDCAE7AF-8692-415F-B764-0372CD3C526A}.Ad-Hoc|x86.ActiveCfg = Release|Any CPU
		{EDCAE7AF-8692-415F-B764-0372CD3C526A}.Ad-Hoc|x86.Build.0 = Release|Any CPU
		{EDCAE7AF-8692-415F-B764-0372CD3C526A}.Ad-Hoc|x86.Deploy.0 = Release|Any CPU
		{EDCAE7AF-8692-415F-B764-0372CD3C526A}.AppStore|Any CPU.ActiveCfg = Release|Any CPU
		{EDCAE7AF-8692-415F-B764-0372CD3C526A}.AppStore|Any CPU.Build.0 = Release|Any CPU
		{EDCAE7AF-8692-415F-B764-0372CD3C526A}.AppStore|Any CPU.Deploy.0 = Release|Any CPU
		{EDCAE7AF-8692-415F-B764-0372CD3C526A}.AppStore|ARM.ActiveCfg = Release|Any CPU
		{EDCAE7AF-8692-415F-B764-0372CD3C526A}.AppStore|ARM.Build.0 = Release|Any CPU
		{EDCAE7AF-8692-415F-B764-0372CD3C526A}.AppStore|ARM.Deploy.0 = Release|Any CPU
		{EDCAE7AF-8692-415F-B764-0372CD3C526A}.AppStore|iPhone.ActiveCfg = Release|Any CPU
		{EDCAE7AF-8692-415F-B764-0372CD3C526A}.AppStore|iPhone.Build.0 = Release|Any CPU
		{EDCAE7AF-8692-415F-B764-0372CD3C526A}.AppStore|iPhone.Deploy.0 = Release|Any CPU
		{EDCAE7AF-8692-415F-B764-0372CD3C526A}.AppStore|iPhoneSimulator.ActiveCfg = Release|Any CPU
		{EDCAE7AF-8692-415F-B764-0372CD3C526A}.AppStore|iPhoneSimulator.Build.0 = Release|Any CPU
		{EDCAE7AF-8692-415F-B764-0372CD3C526A}.AppStore|iPhoneSimulator.Deploy.0 = Release|Any CPU
		{EDCAE7AF-8692-415F-B764-0372CD3C526A}.AppStore|x64.ActiveCfg = Release|Any CPU
		{EDCAE7AF-8692-415F-B764-0372CD3C526A}.AppStore|x64.Build.0 = Release|Any CPU
		{EDCAE7AF-8692-415F-B764-0372CD3C526A}.AppStore|x64.Deploy.0 = Release|Any CPU
		{EDCAE7AF-8692-415F-B764-0372CD3C526A}.AppStore|x86.ActiveCfg = Release|Any CPU
		{EDCAE7AF-8692-415F-B764-0372CD3C526A}.AppStore|x86.Build.0 = Release|Any CPU
		{EDCAE7AF-8692-415F-B764-0372CD3C526A}.AppStore|x86.Deploy.0 = Release|Any CPU
		{EDCAE7AF-8692-415F-B764-0372CD3C526A}.Debug|Any CPU.ActiveCfg = Debug|Any CPU
		{EDCAE7AF-8692-415F-B764-0372CD3C526A}.Debug|Any CPU.Build.0 = Debug|Any CPU
		{EDCAE7AF-8692-415F-B764-0372CD3C526A}.Debug|Any CPU.Deploy.0 = Debug|Any CPU
		{EDCAE7AF-8692-415F-B764-0372CD3C526A}.Debug|ARM.ActiveCfg = Debug|Any CPU
		{EDCAE7AF-8692-415F-B764-0372CD3C526A}.Debug|ARM.Build.0 = Debug|Any CPU
		{EDCAE7AF-8692-415F-B764-0372CD3C526A}.Debug|ARM.Deploy.0 = Debug|Any CPU
		{EDCAE7AF-8692-415F-B764-0372CD3C526A}.Debug|iPhone.ActiveCfg = Debug|Any CPU
		{EDCAE7AF-8692-415F-B764-0372CD3C526A}.Debug|iPhone.Build.0 = Debug|Any CPU
		{EDCAE7AF-8692-415F-B764-0372CD3C526A}.Debug|iPhone.Deploy.0 = Debug|Any CPU
		{EDCAE7AF-8692-415F-B764-0372CD3C526A}.Debug|iPhoneSimulator.ActiveCfg = Debug|Any CPU
		{EDCAE7AF-8692-415F-B764-0372CD3C526A}.Debug|iPhoneSimulator.Build.0 = Debug|Any CPU
		{EDCAE7AF-8692-415F-B764-0372CD3C526A}.Debug|iPhoneSimulator.Deploy.0 = Debug|Any CPU
		{EDCAE7AF-8692-415F-B764-0372CD3C526A}.Debug|x64.ActiveCfg = Debug|Any CPU
		{EDCAE7AF-8692-415F-B764-0372CD3C526A}.Debug|x64.Build.0 = Debug|Any CPU
		{EDCAE7AF-8692-415F-B764-0372CD3C526A}.Debug|x64.Deploy.0 = Debug|Any CPU
		{EDCAE7AF-8692-415F-B764-0372CD3C526A}.Debug|x86.ActiveCfg = Debug|Any CPU
		{EDCAE7AF-8692-415F-B764-0372CD3C526A}.Debug|x86.Build.0 = Debug|Any CPU
		{EDCAE7AF-8692-415F-B764-0372CD3C526A}.Debug|x86.Deploy.0 = Debug|Any CPU
		{EDCAE7AF-8692-415F-B764-0372CD3C526A}.Release|Any CPU.ActiveCfg = Release|Any CPU
		{EDCAE7AF-8692-415F-B764-0372CD3C526A}.Release|Any CPU.Build.0 = Release|Any CPU
		{EDCAE7AF-8692-415F-B764-0372CD3C526A}.Release|Any CPU.Deploy.0 = Release|Any CPU
		{EDCAE7AF-8692-415F-B764-0372CD3C526A}.Release|ARM.ActiveCfg = Release|Any CPU
		{EDCAE7AF-8692-415F-B764-0372CD3C526A}.Release|ARM.Build.0 = Release|Any CPU
		{EDCAE7AF-8692-415F-B764-0372CD3C526A}.Release|ARM.Deploy.0 = Release|Any CPU
		{EDCAE7AF-8692-415F-B764-0372CD3C526A}.Release|iPhone.ActiveCfg = Release|Any CPU
		{EDCAE7AF-8692-415F-B764-0372CD3C526A}.Release|iPhone.Build.0 = Release|Any CPU
		{EDCAE7AF-8692-415F-B764-0372CD3C526A}.Release|iPhone.Deploy.0 = Release|Any CPU
		{EDCAE7AF-8692-415F-B764-0372CD3C526A}.Release|iPhoneSimulator.ActiveCfg = Release|Any CPU
		{EDCAE7AF-8692-415F-B764-0372CD3C526A}.Release|iPhoneSimulator.Build.0 = Release|Any CPU
		{EDCAE7AF-8692-415F-B764-0372CD3C526A}.Release|iPhoneSimulator.Deploy.0 = Release|Any CPU
		{EDCAE7AF-8692-415F-B764-0372CD3C526A}.Release|x64.ActiveCfg = Release|Any CPU
		{EDCAE7AF-8692-415F-B764-0372CD3C526A}.Release|x64.Build.0 = Release|Any CPU
		{EDCAE7AF-8692-415F-B764-0372CD3C526A}.Release|x64.Deploy.0 = Release|Any CPU
		{EDCAE7AF-8692-415F-B764-0372CD3C526A}.Release|x86.ActiveCfg = Release|Any CPU
		{EDCAE7AF-8692-415F-B764-0372CD3C526A}.Release|x86.Build.0 = Release|Any CPU
		{EDCAE7AF-8692-415F-B764-0372CD3C526A}.Release|x86.Deploy.0 = Release|Any CPU
		{5B30E7F6-990A-49FB-8735-FA0D82841986}.Ad-Hoc|Any CPU.ActiveCfg = Ad-Hoc|iPhone
		{5B30E7F6-990A-49FB-8735-FA0D82841986}.Ad-Hoc|ARM.ActiveCfg = Ad-Hoc|iPhone
		{5B30E7F6-990A-49FB-8735-FA0D82841986}.Ad-Hoc|iPhone.ActiveCfg = Ad-Hoc|iPhone
		{5B30E7F6-990A-49FB-8735-FA0D82841986}.Ad-Hoc|iPhone.Build.0 = Ad-Hoc|iPhone
		{5B30E7F6-990A-49FB-8735-FA0D82841986}.Ad-Hoc|iPhoneSimulator.ActiveCfg = Ad-Hoc|iPhoneSimulator
		{5B30E7F6-990A-49FB-8735-FA0D82841986}.Ad-Hoc|iPhoneSimulator.Build.0 = Ad-Hoc|iPhoneSimulator
		{5B30E7F6-990A-49FB-8735-FA0D82841986}.Ad-Hoc|x64.ActiveCfg = Ad-Hoc|iPhone
		{5B30E7F6-990A-49FB-8735-FA0D82841986}.Ad-Hoc|x86.ActiveCfg = Ad-Hoc|iPhone
		{5B30E7F6-990A-49FB-8735-FA0D82841986}.AppStore|Any CPU.ActiveCfg = AppStore|iPhone
		{5B30E7F6-990A-49FB-8735-FA0D82841986}.AppStore|ARM.ActiveCfg = AppStore|iPhone
		{5B30E7F6-990A-49FB-8735-FA0D82841986}.AppStore|iPhone.ActiveCfg = AppStore|iPhone
		{5B30E7F6-990A-49FB-8735-FA0D82841986}.AppStore|iPhone.Build.0 = AppStore|iPhone
		{5B30E7F6-990A-49FB-8735-FA0D82841986}.AppStore|iPhoneSimulator.ActiveCfg = AppStore|iPhoneSimulator
		{5B30E7F6-990A-49FB-8735-FA0D82841986}.AppStore|iPhoneSimulator.Build.0 = AppStore|iPhoneSimulator
		{5B30E7F6-990A-49FB-8735-FA0D82841986}.AppStore|x64.ActiveCfg = AppStore|iPhone
		{5B30E7F6-990A-49FB-8735-FA0D82841986}.AppStore|x86.ActiveCfg = AppStore|iPhone
		{5B30E7F6-990A-49FB-8735-FA0D82841986}.Debug|Any CPU.ActiveCfg = Debug|iPhone
		{5B30E7F6-990A-49FB-8735-FA0D82841986}.Debug|ARM.ActiveCfg = Debug|iPhone
		{5B30E7F6-990A-49FB-8735-FA0D82841986}.Debug|iPhone.ActiveCfg = Debug|iPhone
		{5B30E7F6-990A-49FB-8735-FA0D82841986}.Debug|iPhone.Build.0 = Debug|iPhone
		{5B30E7F6-990A-49FB-8735-FA0D82841986}.Debug|iPhoneSimulator.ActiveCfg = Debug|iPhoneSimulator
		{5B30E7F6-990A-49FB-8735-FA0D82841986}.Debug|iPhoneSimulator.Build.0 = Debug|iPhoneSimulator
		{5B30E7F6-990A-49FB-8735-FA0D82841986}.Debug|x64.ActiveCfg = Debug|iPhone
		{5B30E7F6-990A-49FB-8735-FA0D82841986}.Debug|x86.ActiveCfg = Debug|iPhone
		{5B30E7F6-990A-49FB-8735-FA0D82841986}.Release|Any CPU.ActiveCfg = Release|iPhone
		{5B30E7F6-990A-49FB-8735-FA0D82841986}.Release|ARM.ActiveCfg = Release|iPhone
		{5B30E7F6-990A-49FB-8735-FA0D82841986}.Release|iPhone.ActiveCfg = Release|iPhone
		{5B30E7F6-990A-49FB-8735-FA0D82841986}.Release|iPhone.Build.0 = Release|iPhone
		{5B30E7F6-990A-49FB-8735-FA0D82841986}.Release|iPhoneSimulator.ActiveCfg = Release|iPhoneSimulator
		{5B30E7F6-990A-49FB-8735-FA0D82841986}.Release|iPhoneSimulator.Build.0 = Release|iPhoneSimulator
		{5B30E7F6-990A-49FB-8735-FA0D82841986}.Release|x64.ActiveCfg = Release|iPhone
		{5B30E7F6-990A-49FB-8735-FA0D82841986}.Release|x86.ActiveCfg = Release|iPhone
		{2E92D1AD-E5A7-43C0-ADEC-35725A121B53}.Ad-Hoc|Any CPU.ActiveCfg = Release|x64
		{2E92D1AD-E5A7-43C0-ADEC-35725A121B53}.Ad-Hoc|Any CPU.Build.0 = Release|x64
		{2E92D1AD-E5A7-43C0-ADEC-35725A121B53}.Ad-Hoc|Any CPU.Deploy.0 = Release|x64
		{2E92D1AD-E5A7-43C0-ADEC-35725A121B53}.Ad-Hoc|ARM.ActiveCfg = Release|ARM
		{2E92D1AD-E5A7-43C0-ADEC-35725A121B53}.Ad-Hoc|ARM.Build.0 = Release|ARM
		{2E92D1AD-E5A7-43C0-ADEC-35725A121B53}.Ad-Hoc|ARM.Deploy.0 = Release|ARM
		{2E92D1AD-E5A7-43C0-ADEC-35725A121B53}.Ad-Hoc|iPhone.ActiveCfg = Release|x64
		{2E92D1AD-E5A7-43C0-ADEC-35725A121B53}.Ad-Hoc|iPhone.Build.0 = Release|x64
		{2E92D1AD-E5A7-43C0-ADEC-35725A121B53}.Ad-Hoc|iPhone.Deploy.0 = Release|x64
		{2E92D1AD-E5A7-43C0-ADEC-35725A121B53}.Ad-Hoc|iPhoneSimulator.ActiveCfg = Release|x64
		{2E92D1AD-E5A7-43C0-ADEC-35725A121B53}.Ad-Hoc|iPhoneSimulator.Build.0 = Release|x64
		{2E92D1AD-E5A7-43C0-ADEC-35725A121B53}.Ad-Hoc|iPhoneSimulator.Deploy.0 = Release|x64
		{2E92D1AD-E5A7-43C0-ADEC-35725A121B53}.Ad-Hoc|x64.ActiveCfg = Release|x64
		{2E92D1AD-E5A7-43C0-ADEC-35725A121B53}.Ad-Hoc|x64.Build.0 = Release|x64
		{2E92D1AD-E5A7-43C0-ADEC-35725A121B53}.Ad-Hoc|x64.Deploy.0 = Release|x64
		{2E92D1AD-E5A7-43C0-ADEC-35725A121B53}.Ad-Hoc|x86.ActiveCfg = Release|x86
		{2E92D1AD-E5A7-43C0-ADEC-35725A121B53}.Ad-Hoc|x86.Build.0 = Release|x86
		{2E92D1AD-E5A7-43C0-ADEC-35725A121B53}.Ad-Hoc|x86.Deploy.0 = Release|x86
		{2E92D1AD-E5A7-43C0-ADEC-35725A121B53}.AppStore|Any CPU.ActiveCfg = Release|x64
		{2E92D1AD-E5A7-43C0-ADEC-35725A121B53}.AppStore|Any CPU.Build.0 = Release|x64
		{2E92D1AD-E5A7-43C0-ADEC-35725A121B53}.AppStore|Any CPU.Deploy.0 = Release|x64
		{2E92D1AD-E5A7-43C0-ADEC-35725A121B53}.AppStore|ARM.ActiveCfg = Release|ARM
		{2E92D1AD-E5A7-43C0-ADEC-35725A121B53}.AppStore|ARM.Build.0 = Release|ARM
		{2E92D1AD-E5A7-43C0-ADEC-35725A121B53}.AppStore|ARM.Deploy.0 = Release|ARM
		{2E92D1AD-E5A7-43C0-ADEC-35725A121B53}.AppStore|iPhone.ActiveCfg = Release|x64
		{2E92D1AD-E5A7-43C0-ADEC-35725A121B53}.AppStore|iPhone.Build.0 = Release|x64
		{2E92D1AD-E5A7-43C0-ADEC-35725A121B53}.AppStore|iPhone.Deploy.0 = Release|x64
		{2E92D1AD-E5A7-43C0-ADEC-35725A121B53}.AppStore|iPhoneSimulator.ActiveCfg = Release|x64
		{2E92D1AD-E5A7-43C0-ADEC-35725A121B53}.AppStore|iPhoneSimulator.Build.0 = Release|x64
		{2E92D1AD-E5A7-43C0-ADEC-35725A121B53}.AppStore|iPhoneSimulator.Deploy.0 = Release|x64
		{2E92D1AD-E5A7-43C0-ADEC-35725A121B53}.AppStore|x64.ActiveCfg = Release|x64
		{2E92D1AD-E5A7-43C0-ADEC-35725A121B53}.AppStore|x64.Build.0 = Release|x64
		{2E92D1AD-E5A7-43C0-ADEC-35725A121B53}.AppStore|x64.Deploy.0 = Release|x64
		{2E92D1AD-E5A7-43C0-ADEC-35725A121B53}.AppStore|x86.ActiveCfg = Release|x86
		{2E92D1AD-E5A7-43C0-ADEC-35725A121B53}.AppStore|x86.Build.0 = Release|x86
		{2E92D1AD-E5A7-43C0-ADEC-35725A121B53}.AppStore|x86.Deploy.0 = Release|x86
		{2E92D1AD-E5A7-43C0-ADEC-35725A121B53}.Debug|Any CPU.ActiveCfg = Debug|x86
		{2E92D1AD-E5A7-43C0-ADEC-35725A121B53}.Debug|ARM.ActiveCfg = Debug|ARM
		{2E92D1AD-E5A7-43C0-ADEC-35725A121B53}.Debug|ARM.Build.0 = Debug|ARM
		{2E92D1AD-E5A7-43C0-ADEC-35725A121B53}.Debug|ARM.Deploy.0 = Debug|ARM
		{2E92D1AD-E5A7-43C0-ADEC-35725A121B53}.Debug|iPhone.ActiveCfg = Debug|x86
		{2E92D1AD-E5A7-43C0-ADEC-35725A121B53}.Debug|iPhoneSimulator.ActiveCfg = Debug|x86
		{2E92D1AD-E5A7-43C0-ADEC-35725A121B53}.Debug|x64.ActiveCfg = Debug|x64
		{2E92D1AD-E5A7-43C0-ADEC-35725A121B53}.Debug|x64.Build.0 = Debug|x64
		{2E92D1AD-E5A7-43C0-ADEC-35725A121B53}.Debug|x64.Deploy.0 = Debug|x64
		{2E92D1AD-E5A7-43C0-ADEC-35725A121B53}.Debug|x86.ActiveCfg = Debug|x86
		{2E92D1AD-E5A7-43C0-ADEC-35725A121B53}.Debug|x86.Build.0 = Debug|x86
		{2E92D1AD-E5A7-43C0-ADEC-35725A121B53}.Debug|x86.Deploy.0 = Debug|x86
		{2E92D1AD-E5A7-43C0-ADEC-35725A121B53}.Release|Any CPU.ActiveCfg = Release|x86
		{2E92D1AD-E5A7-43C0-ADEC-35725A121B53}.Release|ARM.ActiveCfg = Release|ARM
		{2E92D1AD-E5A7-43C0-ADEC-35725A121B53}.Release|ARM.Build.0 = Release|ARM
		{2E92D1AD-E5A7-43C0-ADEC-35725A121B53}.Release|ARM.Deploy.0 = Release|ARM
		{2E92D1AD-E5A7-43C0-ADEC-35725A121B53}.Release|iPhone.ActiveCfg = Release|x86
		{2E92D1AD-E5A7-43C0-ADEC-35725A121B53}.Release|iPhoneSimulator.ActiveCfg = Release|x86
		{2E92D1AD-E5A7-43C0-ADEC-35725A121B53}.Release|x64.ActiveCfg = Release|x64
		{2E92D1AD-E5A7-43C0-ADEC-35725A121B53}.Release|x64.Build.0 = Release|x64
		{2E92D1AD-E5A7-43C0-ADEC-35725A121B53}.Release|x64.Deploy.0 = Release|x64
		{2E92D1AD-E5A7-43C0-ADEC-35725A121B53}.Release|x86.ActiveCfg = Release|x86
		{2E92D1AD-E5A7-43C0-ADEC-35725A121B53}.Release|x86.Build.0 = Release|x86
		{2E92D1AD-E5A7-43C0-ADEC-35725A121B53}.Release|x86.Deploy.0 = Release|x86
		{57BEB4FA-B432-4E74-9DB2-6EA0726433A0}.Ad-Hoc|Any CPU.ActiveCfg = Debug|Any CPU
		{57BEB4FA-B432-4E74-9DB2-6EA0726433A0}.Ad-Hoc|Any CPU.Build.0 = Debug|Any CPU
		{57BEB4FA-B432-4E74-9DB2-6EA0726433A0}.Ad-Hoc|ARM.ActiveCfg = Debug|Any CPU
		{57BEB4FA-B432-4E74-9DB2-6EA0726433A0}.Ad-Hoc|ARM.Build.0 = Debug|Any CPU
		{57BEB4FA-B432-4E74-9DB2-6EA0726433A0}.Ad-Hoc|iPhone.ActiveCfg = Debug|Any CPU
		{57BEB4FA-B432-4E74-9DB2-6EA0726433A0}.Ad-Hoc|iPhone.Build.0 = Debug|Any CPU
		{57BEB4FA-B432-4E74-9DB2-6EA0726433A0}.Ad-Hoc|iPhoneSimulator.ActiveCfg = Debug|Any CPU
		{57BEB4FA-B432-4E74-9DB2-6EA0726433A0}.Ad-Hoc|iPhoneSimulator.Build.0 = Debug|Any CPU
		{57BEB4FA-B432-4E74-9DB2-6EA0726433A0}.Ad-Hoc|x64.ActiveCfg = Debug|Any CPU
		{57BEB4FA-B432-4E74-9DB2-6EA0726433A0}.Ad-Hoc|x64.Build.0 = Debug|Any CPU
		{57BEB4FA-B432-4E74-9DB2-6EA0726433A0}.Ad-Hoc|x86.ActiveCfg = Debug|Any CPU
		{57BEB4FA-B432-4E74-9DB2-6EA0726433A0}.Ad-Hoc|x86.Build.0 = Debug|Any CPU
		{57BEB4FA-B432-4E74-9DB2-6EA0726433A0}.AppStore|Any CPU.ActiveCfg = Debug|Any CPU
		{57BEB4FA-B432-4E74-9DB2-6EA0726433A0}.AppStore|Any CPU.Build.0 = Debug|Any CPU
		{57BEB4FA-B432-4E74-9DB2-6EA0726433A0}.AppStore|ARM.ActiveCfg = Debug|Any CPU
		{57BEB4FA-B432-4E74-9DB2-6EA0726433A0}.AppStore|ARM.Build.0 = Debug|Any CPU
		{57BEB4FA-B432-4E74-9DB2-6EA0726433A0}.AppStore|iPhone.ActiveCfg = Debug|Any CPU
		{57BEB4FA-B432-4E74-9DB2-6EA0726433A0}.AppStore|iPhone.Build.0 = Debug|Any CPU
		{57BEB4FA-B432-4E74-9DB2-6EA0726433A0}.AppStore|iPhoneSimulator.ActiveCfg = Debug|Any CPU
		{57BEB4FA-B432-4E74-9DB2-6EA0726433A0}.AppStore|iPhoneSimulator.Build.0 = Debug|Any CPU
		{57BEB4FA-B432-4E74-9DB2-6EA0726433A0}.AppStore|x64.ActiveCfg = Debug|Any CPU
		{57BEB4FA-B432-4E74-9DB2-6EA0726433A0}.AppStore|x64.Build.0 = Debug|Any CPU
		{57BEB4FA-B432-4E74-9DB2-6EA0726433A0}.AppStore|x86.ActiveCfg = Debug|Any CPU
		{57BEB4FA-B432-4E74-9DB2-6EA0726433A0}.AppStore|x86.Build.0 = Debug|Any CPU
		{57BEB4FA-B432-4E74-9DB2-6EA0726433A0}.Debug|Any CPU.ActiveCfg = Debug|Any CPU
		{57BEB4FA-B432-4E74-9DB2-6EA0726433A0}.Debug|Any CPU.Build.0 = Debug|Any CPU
		{57BEB4FA-B432-4E74-9DB2-6EA0726433A0}.Debug|ARM.ActiveCfg = Debug|Any CPU
		{57BEB4FA-B432-4E74-9DB2-6EA0726433A0}.Debug|ARM.Build.0 = Debug|Any CPU
		{57BEB4FA-B432-4E74-9DB2-6EA0726433A0}.Debug|iPhone.ActiveCfg = Debug|Any CPU
		{57BEB4FA-B432-4E74-9DB2-6EA0726433A0}.Debug|iPhone.Build.0 = Debug|Any CPU
		{57BEB4FA-B432-4E74-9DB2-6EA0726433A0}.Debug|iPhoneSimulator.ActiveCfg = Debug|Any CPU
		{57BEB4FA-B432-4E74-9DB2-6EA0726433A0}.Debug|iPhoneSimulator.Build.0 = Debug|Any CPU
		{57BEB4FA-B432-4E74-9DB2-6EA0726433A0}.Debug|x64.ActiveCfg = Debug|Any CPU
		{57BEB4FA-B432-4E74-9DB2-6EA0726433A0}.Debug|x64.Build.0 = Debug|Any CPU
		{57BEB4FA-B432-4E74-9DB2-6EA0726433A0}.Debug|x86.ActiveCfg = Debug|Any CPU
		{57BEB4FA-B432-4E74-9DB2-6EA0726433A0}.Debug|x86.Build.0 = Debug|Any CPU
		{57BEB4FA-B432-4E74-9DB2-6EA0726433A0}.Release|Any CPU.ActiveCfg = Release|Any CPU
		{57BEB4FA-B432-4E74-9DB2-6EA0726433A0}.Release|Any CPU.Build.0 = Release|Any CPU
		{57BEB4FA-B432-4E74-9DB2-6EA0726433A0}.Release|ARM.ActiveCfg = Release|Any CPU
		{57BEB4FA-B432-4E74-9DB2-6EA0726433A0}.Release|ARM.Build.0 = Release|Any CPU
		{57BEB4FA-B432-4E74-9DB2-6EA0726433A0}.Release|iPhone.ActiveCfg = Release|Any CPU
		{57BEB4FA-B432-4E74-9DB2-6EA0726433A0}.Release|iPhone.Build.0 = Release|Any CPU
		{57BEB4FA-B432-4E74-9DB2-6EA0726433A0}.Release|iPhoneSimulator.ActiveCfg = Release|Any CPU
		{57BEB4FA-B432-4E74-9DB2-6EA0726433A0}.Release|iPhoneSimulator.Build.0 = Release|Any CPU
		{57BEB4FA-B432-4E74-9DB2-6EA0726433A0}.Release|x64.ActiveCfg = Release|Any CPU
		{57BEB4FA-B432-4E74-9DB2-6EA0726433A0}.Release|x64.Build.0 = Release|Any CPU
		{57BEB4FA-B432-4E74-9DB2-6EA0726433A0}.Release|x86.ActiveCfg = Release|Any CPU
		{57BEB4FA-B432-4E74-9DB2-6EA0726433A0}.Release|x86.Build.0 = Release|Any CPU
	EndGlobalSection
	GlobalSection(SolutionProperties) = preSolution
		HideSolutionNode = FALSE
	EndGlobalSection
	GlobalSection(ExtensibilityGlobals) = postSolution
		SolutionGuid = {2EC80DEA-A9A9-4DF5-B7F3-D04F08221BD8}
	EndGlobalSection
EndGlobal
